
Microsoft Visual Studio Solution File, Format Version 12.00
# Visual Studio Version 16
VisualStudioVersion = 16.0.31624.102
MinimumVisualStudioVersion = 10.0.40219.1
Project("{FAE04EC0-301F-11D3-BF4B-00C04F79EFBC}") = "Audioplayer2", "Audioplayer2\Audioplayer2.csproj", "{B448E299-17C6-4368-ADEF-B31E6725E940}"
EndProject
Global
	GlobalSection(SolutionConfigurationPlatforms) = preSolution
		Debug|Any CPU = Debug|Any CPU
		Release|Any CPU = Release|Any CPU
	EndGlobalSection
	GlobalSection(ProjectConfigurationPlatforms) = postSolution
		{B448E299-17C6-4368-ADEF-B31E6725E940}.Debug|Any CPU.ActiveCfg = Debug|Any CPU
		{B448E299-17C6-4368-ADEF-B31E6725E940}.Debug|Any CPU.Build.0 = Debug|Any CPU
		{B448E299-17C6-4368-ADEF-B31E6725E940}.Release|Any CPU.ActiveCfg = Release|Any CPU
		{B448E299-17C6-4368-ADEF-B31E6725E940}.Release|Any CPU.Build.0 = Release|Any CPU
	EndGlobalSection
	GlobalSection(SolutionProperties) = preSolution
		HideSolutionNode = FALSE
	EndGlobalSection
	GlobalSection(ExtensibilityGlobals) = postSolution
		SolutionGuid = {379151E2-3E9E-4DD2-A8F2-BD8F26933133}
	EndGlobalSection
EndGlobal
